// !$*UTF8*$!
{
	archiveVersion = 1;
	classes = {
	};
	objectVersion = 46;
	objects = {

/* Begin PBXBuildFile section */
		043B24041EDB9DCB00C54B6E /* AppDelegate.swift in Sources */ = {isa = PBXBuildFile; fileRef = 043B24031EDB9DCB00C54B6E /* AppDelegate.swift */; };
		043B24061EDB9DCB00C54B6E /* ViewController.swift in Sources */ = {isa = PBXBuildFile; fileRef = 043B24051EDB9DCB00C54B6E /* ViewController.swift */; };
		043B24091EDB9DCB00C54B6E /* Main.storyboard in Resources */ = {isa = PBXBuildFile; fileRef = 043B24071EDB9DCB00C54B6E /* Main.storyboard */; };
		043B240C1EDB9DCB00C54B6E /* Sound_Board.xcdatamodeld in Sources */ = {isa = PBXBuildFile; fileRef = 043B240A1EDB9DCB00C54B6E /* Sound_Board.xcdatamodeld */; };
		043B240E1EDB9DCB00C54B6E /* Assets.xcassets in Resources */ = {isa = PBXBuildFile; fileRef = 043B240D1EDB9DCB00C54B6E /* Assets.xcassets */; };
		043B24111EDB9DCB00C54B6E /* LaunchScreen.storyboard in Resources */ = {isa = PBXBuildFile; fileRef = 043B240F1EDB9DCB00C54B6E /* LaunchScreen.storyboard */; };
/* End PBXBuildFile section */

/* Begin PBXFileReference section */
		043B24001EDB9DCB00C54B6E /* Sound Board.app */ = {isa = PBXFileReference; explicitFileType = wrapper.application; includeInIndex = 0; path = "Sound Board.app"; sourceTree = BUILT_PRODUCTS_DIR; };
		043B24031EDB9DCB00C54B6E /* AppDelegate.swift */ = {isa = PBXFileReference; lastKnownFileType = sourcecode.swift; path = AppDelegate.swift; sourceTree = "<group>"; };
		043B24051EDB9DCB00C54B6E /* ViewController.swift */ = {isa = PBXFileReference; lastKnownFileType = sourcecode.swift; path = ViewController.swift; sourceTree = "<group>"; };
		043B24081EDB9DCB00C54B6E /* Base */ = {isa = PBXFileReference; lastKnownFileType = file.storyboard; name = Base; path = Base.lproj/Main.storyboard; sourceTree = "<group>"; };
		043B240B1EDB9DCB00C54B6E /* Sound_Board.xcdatamodel */ = {isa = PBXFileReference; lastKnownFileType = wrapper.xcdatamodel; path = Sound_Board.xcdatamodel; sourceTree = "<group>"; };
		043B240D1EDB9DCB00C54B6E /* Assets.xcassets */ = {isa = PBXFileReference; lastKnownFileType = folder.assetcatalog; path = Assets.xcassets; sourceTree = "<group>"; };
		043B24101EDB9DCB00C54B6E /* Base */ = {isa = PBXFileReference; lastKnownFileType = file.storyboard; name = Base; path = Base.lproj/LaunchScreen.storyboard; sourceTree = "<group>"; };
		043B24121EDB9DCB00C54B6E /* Info.plist */ = {isa = PBXFileReference; lastKnownFileType = text.plist.xml; path = Info.plist; sourceTree = "<group>"; };
/* End PBXFileReference section */

/* Begin PBXFrameworksBuildPhase section */
		043B23FD1EDB9DCB00C54B6E /* Frameworks */ = {
			isa = PBXFrameworksBuildPhase;
			buildActionMask = 2147483647;
			files = (
			);
			runOnlyForDeploymentPostprocessing = 0;
		};
/* End PBXFrameworksBuildPhase section */

/* Begin PBXGroup section */
		043B23F71EDB9DCB00C54B6E = {
			isa = PBXGroup;
			children = (
				043B24021EDB9DCB00C54B6E /* Sound Board */,
				043B24011EDB9DCB00C54B6E /* Products */,
			);
			sourceTree = "<group>";
		};
		043B24011EDB9DCB00C54B6E /* Products */ = {
			isa = PBXGroup;
			children = (
				043B24001EDB9DCB00C54B6E /* Sound Board.app */,
			);
			name = Products;
			sourceTree = "<group>";
		};
		043B24021EDB9DCB00C54B6E /* Sound Board */ = {
			isa = PBXGroup;
			children = (
				043B24031EDB9DCB00C54B6E /* AppDelegate.swift */,
				043B24051EDB9DCB00C54B6E /* ViewController.swift */,
				043B24071EDB9DCB00C54B6E /* Main.storyboard */,
				043B240D1EDB9DCB00C54B6E /* Assets.xcassets */,
				043B240F1EDB9DCB00C54B6E /* LaunchScreen.storyboard */,
				043B24121EDB9DCB00C54B6E /* Info.plist */,
				043B240A1EDB9DCB00C54B6E /* Sound_Board.xcdatamodeld */,
			);
			path = "Sound Board";
			sourceTree = "<group>";
		};
/* End PBXGroup section */

/* Begin PBXNativeTarget section */
		043B23FF1EDB9DCB00C54B6E /* Sound Board */ = {
			isa = PBXNativeTarget;
			buildConfigurationList = 043B24151EDB9DCB00C54B6E /* Build configuration list for PBXNativeTarget "Sound Board" */;
			buildPhases = (
				043B23FC1EDB9DCB00C54B6E /* Sources */,
				043B23FD1EDB9DCB00C54B6E /* Frameworks */,
				043B23FE1EDB9DCB00C54B6E /* Resources */,
			);
			buildRules = (
			);
			dependencies = (
			);
			name = "Sound Board";
			productName = "Sound Board";
			productReference = 043B24001EDB9DCB00C54B6E /* Sound Board.app */;
			productType = "com.apple.product-type.application";
		};
/* End PBXNativeTarget section */

/* Begin PBXProject section */
		043B23F81EDB9DCB00C54B6E /* Project object */ = {
			isa = PBXProject;
			attributes = {
				LastSwiftUpdateCheck = 0830;
				LastUpgradeCheck = 0830;
				ORGANIZATIONNAME = Mac;
				TargetAttributes = {
					043B23FF1EDB9DCB00C54B6E = {
						CreatedOnToolsVersion = 8.3.2;
						ProvisioningStyle = Automatic;
					};
				};
			};
			buildConfigurationList = 043B23FB1EDB9DCB00C54B6E /* Build configuration list for PBXProject "Sound Board" */;
			compatibilityVersion = "Xcode 3.2";
			developmentRegion = English;
			hasScannedForEncodings = 0;
			knownRegions = (
				en,
				Base,
			);
			mainGroup = 043B23F71EDB9DCB00C54B6E;
			productRefGroup = 043B24011EDB9DCB00C54B6E /* Products */;
			projectDirPath = "";
			projectRoot = "";
			targets = (
				043B23FF1EDB9DCB00C54B6E /* Sound Board */,
			);
		};
/* End PBXProject section */

/* Begin PBXResourcesBuildPhase section */
		043B23FE1EDB9DCB00C54B6E /* Resources */ = {
			isa = PBXResourcesBuildPhase;
			buildActionMask = 2147483647;
			files = (
				043B24111EDB9DCB00C54B6E /* LaunchScreen.storyboard in Resources */,
				043B240E1EDB9DCB00C54B6E /* Assets.xcassets in Resources */,
				043B24091EDB9DCB00C54B6E /* Main.storyboard in Resources */,
			);
			runOnlyForDeploymentPostprocessing = 0;
		};
/* End PBXResourcesBuildPhase section */

/* Begin PBXSourcesBuildPhase section */
		043B23FC1EDB9DCB00C54B6E /* Sources */ = {
			isa = PBXSourcesBuildPhase;
			buildActionMask = 2147483647;
			files = (
				043B240C1EDB9DCB00C54B6E /* Sound_Board.xcdatamodeld in Sources */,
				043B24061EDB9DCB00C54B6E /* ViewController.swift in Sources */,
				043B24041EDB9DCB00C54B6E /* AppDelegate.swift in Sources */,
			);
			runOnlyForDeploymentPostprocessing = 0;
		};
/* End PBXSourcesBuildPhase section */

/* Begin PBXVariantGroup section */
		043B24071EDB9DCB00C54B6E /* Main.storyboard */ = {
			isa = PBXVariantGroup;
			children = (
				043B24081EDB9DCB00C54B6E /* Base */,
			);
			name = Main.storyboard;
			sourceTree = "<group>";
		};
		043B240F1EDB9DCB00C54B6E /* LaunchScreen.storyboard */ = {
			isa = PBXVariantGroup;
			children = (
				043B24101EDB9DCB00C54B6E /* Base */,
			);
			name = LaunchScreen.storyboard;
			sourceTree = "<group>";
		};
/* End PBXVariantGroup section */

/* Begin XCBuildConfiguration section */
		043B24131EDB9DCB00C54B6E /* Debug */ = {
			isa = XCBuildConfiguration;
			buildSettings = {
				ALWAYS_SEARCH_USER_PATHS = NO;
				CLANG_ANALYZER_NONNULL = YES;
				CLANG_ANALYZER_NUMBER_OBJECT_CONVERSION = YES_AGGRESSIVE;
				CLANG_CXX_LANGUAGE_STANDARD = "gnu++0x";
				CLANG_CXX_LIBRARY = "libc++";
				CLANG_ENABLE_MODULES = YES;
				CLANG_ENABLE_OBJC_ARC = YES;
				CLANG_WARN_BOOL_CONVERSION = YES;
				CLANG_WARN_CONSTANT_CONVERSION = YES;
				CLANG_WARN_DIRECT_OBJC_ISA_USAGE = YES_ERROR;
				CLANG_WARN_DOCUMENTATION_COMMENTS = YES;
				CLANG_WARN_EMPTY_BODY = YES;
				CLANG_WARN_ENUM_CONVERSION = YES;
				CLANG_WARN_INFINITE_RECURSION = YES;
				CLANG_WARN_INT_CONVERSION = YES;
				CLANG_WARN_OBJC_ROOT_CLASS = YES_ERROR;
				CLANG_WARN_SUSPICIOUS_MOVE = YES;
				CLANG_WARN_UNREACHABLE_CODE = YES;
				CLANG_WARN__DUPLICATE_METHOD_MATCH = YES;
				"CODE_SIGN_IDENTITY[sdk=iphoneos*]" = "iPhone Developer";
				COPY_PHASE_STRIP = NO;
				DEBUG_INFORMATION_FORMAT = dwarf;
				ENABLE_STRICT_OBJC_MSGSEND = YES;
				ENABLE_TESTABILITY = YES;
				GCC_C_LANGUAGE_STANDARD = gnu99;
				GCC_DYNAMIC_NO_PIC = NO;
				GCC_NO_COMMON_BLOCKS = YES;
				GCC_OPTIMIZATION_LEVEL = 0;
				GCC_PREPROCESSOR_DEFINITIONS = (
					"DEBUG=1",
					"$(inherited)",
				);
				GCC_WARN_64_TO_32_BIT_CONVERSION = YES;
				GCC_WARN_ABOUT_RETURN_TYPE = YES_ERROR;
				GCC_WARN_UNDECLARED_SELECTOR = YES;
				GCC_WARN_UNINITIALIZED_AUTOS = YES_AGGRESSIVE;
				GCC_WARN_UNUSED_FUNCTION = YES;
				GCC_WARN_UNUSED_VARIABLE = YES;
				IPHONEOS_DEPLOYMENT_TARGET = 10.3;
				MTL_ENABLE_DEBUG_INFO = YES;
				ONLY_ACTIVE_ARCH = YES;
				SDKROOT = iphoneos;
				SWIFT_ACTIVE_COMPILATION_CONDITIONS = DEBUG;
				SWIFT_OPTIMIZATION_LEVEL = "-Onone";
				TARGETED_DEVICE_FAMILY = "1,2";
			};
			name = Debug;
		};
		043B24141EDB9DCB00C54B6E /* Release */ = {
			isa = XCBuildConfiguration;
			buildSettings = {
				ALWAYS_SEARCH_USER_PATHS = NO;
				CLANG_ANALYZER_NONNULL = YES;
				CLANG_ANALYZER_NUMBER_OBJECT_CONVERSION = YES_AGGRESSIVE;
				CLANG_CXX_LANGUAGE_STANDARD = "gnu++0x";
				CLANG_CXX_LIBRARY = "libc++";
				CLANG_ENABLE_MODULES = YES;
				CLANG_ENABLE_OBJC_ARC = YES;
				CLANG_WARN_BOOL_CONVERSION = YES;
				CLANG_WARN_CONSTANT_CONVERSION = YES;
				CLANG_WARN_DIRECT_OBJC_ISA_USAGE = YES_ERROR;
				CLANG_WARN_DOCUMENTATION_COMMENTS = YES;
				CLANG_WARN_EMPTY_BODY = YES;
				CLANG_WARN_ENUM_CONVERSION = YES;
				CLANG_WARN_INFINITE_RECURSION = YES;
				CLANG_WARN_INT_CONVERSION = YES;
				CLANG_WARN_OBJC_ROOT_CLASS = YES_ERROR;
				CLANG_WARN_SUSPICIOUS_MOVE = YES;
				CLANG_WARN_UNREACHABLE_CODE = YES;
				CLANG_WARN__DUPLICATE_METHOD_MATCH = YES;
				"CODE_SIGN_IDENTITY[sdk=iphoneos*]" = "iPhone Developer";
				COPY_PHASE_STRIP = NO;
				DEBUG_INFORMATION_FORMAT = "dwarf-with-dsym";
				ENABLE_NS_ASSERTIONS = NO;
				ENABLE_STRICT_OBJC_MSGSEND = YES;
				GCC_C_LANGUAGE_STANDARD = gnu99;
				GCC_NO_COMMON_BLOCKS = YES;
				GCC_WARN_64_TO_32_BIT_CONVERSION = YES;
				GCC_WARN_ABOUT_RETURN_TYPE = YES_ERROR;
				GCC_WARN_UNDECLARED_SELECTOR = YES;
				GCC_WARN_UNINITIALIZED_AUTOS = YES_AGGRESSIVE;
				GCC_WARN_UNUSED_FUNCTION = YES;
				GCC_WARN_UNUSED_VARIABLE = YES;
				IPHONEOS_DEPLOYMENT_TARGET = 10.3;
				MTL_ENABLE_DEBUG_INFO = NO;
				SDKROOT = iphoneos;
				SWIFT_OPTIMIZATION_LEVEL = "-Owholemodule";
				TARGETED_DEVICE_FAMILY = "1,2";
				VALIDATE_PRODUCT = YES;
			};
			name = Release;
		};
		043B24161EDB9DCB00C54B6E /* Debug */ = {
			isa = XCBuildConfiguration;
			buildSettings = {
				ASSETCATALOG_COMPILER_APPICON_NAME = AppIcon;
				INFOPLIST_FILE = "Sound Board/Info.plist";
				LD_RUNPATH_SEARCH_PATHS = "$(inherited) @executable_path/Frameworks";
				PRODUCT_BUNDLE_IDENTIFIER = "idk.Sound-Board";
				PRODUCT_NAME = "$(TARGET_NAME)";
				SWIFT_VERSION = 3.0;
			};
			name = Debug;
		};
		043B24171EDB9DCB00C54B6E /* Release */ = {
			isa = XCBuildConfiguration;
			buildSettings = {
				ASSETCATALOG_COMPILER_APPICON_NAME = AppIcon;
				INFOPLIST_FILE = "Sound Board/Info.plist";
				LD_RUNPATH_SEARCH_PATHS = "$(inherited) @executable_path/Frameworks";
				PRODUCT_BUNDLE_IDENTIFIER = "idk.Sound-Board";
				PRODUCT_NAME = "$(TARGET_NAME)";
				SWIFT_VERSION = 3.0;
			};
			name = Release;
		};
/* End XCBuildConfiguration section */

/* Begin XCConfigurationList section */
		043B23FB1EDB9DCB00C54B6E /* Build configuration list for PBXProject "Sound Board" */ = {
			isa = XCConfigurationList;
			buildConfigurations = (
				043B24131EDB9DCB00C54B6E /* Debug */,
				043B24141EDB9DCB00C54B6E /* Release */,
			);
			defaultConfigurationIsVisible = 0;
			defaultConfigurationName = Release;
		};
		043B24151EDB9DCB00C54B6E /* Build configuration list for PBXNativeTarget "Sound Board" */ = {
			isa = XCConfigurationList;
			buildConfigurations = (
				043B24161EDB9DCB00C54B6E /* Debug */,
				043B24171EDB9DCB00C54B6E /* Release */,
			);
			defaultConfigurationIsVisible = 0;
		};
/* End XCConfigurationList section */

/* Begin XCVersionGroup section */
		043B240A1EDB9DCB00C54B6E /* Sound_Board.xcdatamodeld */ = {
			isa = XCVersionGroup;
			children = (
				043B240B1EDB9DCB00C54B6E /* Sound_Board.xcdatamodel */,
			);
			currentVersion = 043B240B1EDB9DCB00C54B6E /* Sound_Board.xcdatamodel */;
			path = Sound_Board.xcdatamodeld;
			sourceTree = "<group>";
			versionGroupType = wrapper.xcdatamodel;
		};
/* End XCVersionGroup section */
	};
	rootObject = 043B23F81EDB9DCB00C54B6E /* Project object */;
}
